<?xml version="1.0" encoding="UTF-8" standalone="yes" ?>
<CodeBlocks_project_file>
	<FileVersion major="1" minor="6" />
	<Project>
		<Option title="avlProject" />
		<Option pch_mode="2" />
		<Option compiler="msvc10" />
		<Build>
			<Target title="default">
				<Option output="avlProject" prefix_auto="1" extension_auto="1" />
				<Option type="1" />
				<Option compiler="msvc10" />
			</Target>
		</Build>
		<Unit filename="AVL.cpp" />
		<Unit filename="AVL.h" />
		<Unit filename="NodeAVL.cpp" />
		<Unit filename="NodeAVL.h" />
		<Unit filename="Utils.h" />
		<Unit filename="mainAVL.cpp" />
		<Extensions />
	</Project>
</CodeBlocks_project_file>
